{
  "name": "src",
  "lockfileVersion": 3,
  "requires": true,
  "packages": {
    "": {
      "dependencies": {
        "cytoscape-context-menus": "^4.1.0",
        "cytoscape-cxtmenu": "^3.5.0"
      }
    },
    "node_modules/cytoscape": {
      "version": "3.26.0",
      "resolved": "https://registry.npmjs.org/cytoscape/-/cytoscape-3.26.0.tgz",
      "integrity": "sha512-IV+crL+KBcrCnVVUCZW+zRRRFUZQcrtdOPXki+o4CFUWLdAEYvuZLcBSJC9EBK++suamERKzeY7roq2hdovV3w==",
      "peer": true,
      "dependencies": {
        "heap": "^0.2.6",
        "lodash": "^4.17.21"
      },
      "engines": {
        "node": ">=0.10"
      }
    },
    "node_modules/cytoscape-context-menus": {
      "version": "4.1.0",
      "resolved": "https://registry.npmjs.org/cytoscape-context-menus/-/cytoscape-context-menus-4.1.0.tgz",
      "integrity": "sha512-qbrdRfz8JQuZBZamhzmExPpJvUNR4VA3rcN4qChu4eVplWYU4n8N98A0ksrr2kfmUvCAL529N04KzwZd8xra7w==",
      "peerDependencies": {
        "cytoscape": "^2.7.0 || ^3.0.0"
      }
    },
    "node_modules/cytoscape-cxtmenu": {
      "version": "3.5.0",
      "resolved": "https://registry.npmjs.org/cytoscape-cxtmenu/-/cytoscape-cxtmenu-3.5.0.tgz",
      "integrity": "sha512-CoqgKAxvQhmHO5fEgJdBqqR2VjwK1dNkxehc2i0MUMqY0araA13z3oP/9KkprHp9Td++KlVBz6JnncNAD76T0Q==",
      "peerDependencies": {
        "cytoscape": "^3.2.0"
      }
    },
    "node_modules/heap": {
      "version": "0.2.7",
      "resolved": "https://registry.npmjs.org/heap/-/heap-0.2.7.tgz",
      "integrity": "sha512-2bsegYkkHO+h/9MGbn6KWcE45cHZgPANo5LXF7EvWdT0yT2EguSVO1nDgU5c8+ZOPwp2vMNa7YFsJhVcDR9Sdg==",
      "peer": true
    },
    "node_modules/lodash": {
      "version": "4.17.21",
      "resolved": "https://registry.npmjs.org/lodash/-/lodash-4.17.21.tgz",
      "integrity": "sha512-v2kDEe57lecTulaDIuNTPy3Ry4gLGJ6Z1O3vE1krgXZNrsQ+LFTGHVxVjcXPs17LhbZVGedAJv8XZ1tvj5FvSg==",
      "peer": true
    }
  }
}
